// !$*UTF8*$!
{
	archiveVersion = 1;
	classes = {
	};
	objectVersion = 56;
	objects = {

/* Begin PBXBuildFile section */
		83251D972A22692300F956ED /* AppDelegate.swift in Sources */ = {isa = PBXBuildFile; fileRef = 83251D962A22692300F956ED /* AppDelegate.swift */; };
		83251D992A22692300F956ED /* art.scnassets in Resources */ = {isa = PBXBuildFile; fileRef = 83251D982A22692300F956ED /* art.scnassets */; };
		83251D9B2A22692300F956ED /* ViewController.swift in Sources */ = {isa = PBXBuildFile; fileRef = 83251D9A2A22692300F956ED /* ViewController.swift */; };
		83251D9E2A22692300F956ED /* Main.storyboard in Resources */ = {isa = PBXBuildFile; fileRef = 83251D9C2A22692300F956ED /* Main.storyboard */; };
		83251DA02A22692400F956ED /* Assets.xcassets in Resources */ = {isa = PBXBuildFile; fileRef = 83251D9F2A22692400F956ED /* Assets.xcassets */; };
		83251DA32A22692400F956ED /* LaunchScreen.storyboard in Resources */ = {isa = PBXBuildFile; fileRef = 83251DA12A22692400F956ED /* LaunchScreen.storyboard */; };
		83251DAF2A23952800F956ED /* bus.usdz in Resources */ = {isa = PBXBuildFile; fileRef = 83251DA92A23952800F956ED /* bus.usdz */; };
		83251DB02A23952800F956ED /* car.usdz in Resources */ = {isa = PBXBuildFile; fileRef = 83251DAA2A23952800F956ED /* car.usdz */; };
		83251DB12A23952800F956ED /* traffic_light.usdz in Resources */ = {isa = PBXBuildFile; fileRef = 83251DAB2A23952800F956ED /* traffic_light.usdz */; };
		83251DB22A23952800F956ED /* bridge.usdz in Resources */ = {isa = PBXBuildFile; fileRef = 83251DAC2A23952800F956ED /* bridge.usdz */; };
		83251DB32A23952800F956ED /* eiffel.usdz in Resources */ = {isa = PBXBuildFile; fileRef = 83251DAD2A23952800F956ED /* eiffel.usdz */; };
		83251DB42A23952800F956ED /* tree.usdz in Resources */ = {isa = PBXBuildFile; fileRef = 83251DAE2A23952800F956ED /* tree.usdz */; };
/* End PBXBuildFile section */

/* Begin PBXFileReference section */
		83251D932A22692300F956ED /* Hand Drawing Recognition AR.app */ = {isa = PBXFileReference; explicitFileType = wrapper.application; includeInIndex = 0; path = "Hand Drawing Recognition AR.app"; sourceTree = BUILT_PRODUCTS_DIR; };
		83251D962A22692300F956ED /* AppDelegate.swift */ = {isa = PBXFileReference; lastKnownFileType = sourcecode.swift; path = AppDelegate.swift; sourceTree = "<group>"; };
		83251D982A22692300F956ED /* art.scnassets */ = {isa = PBXFileReference; lastKnownFileType = wrapper.scnassets; path = art.scnassets; sourceTree = "<group>"; };
		83251D9A2A22692300F956ED /* ViewController.swift */ = {isa = PBXFileReference; lastKnownFileType = sourcecode.swift; path = ViewController.swift; sourceTree = "<group>"; };
		83251D9D2A22692300F956ED /* Base */ = {isa = PBXFileReference; lastKnownFileType = file.storyboard; name = Base; path = Base.lproj/Main.storyboard; sourceTree = "<group>"; };
		83251D9F2A22692400F956ED /* Assets.xcassets */ = {isa = PBXFileReference; lastKnownFileType = folder.assetcatalog; path = Assets.xcassets; sourceTree = "<group>"; };
		83251DA22A22692400F956ED /* Base */ = {isa = PBXFileReference; lastKnownFileType = file.storyboard; name = Base; path = Base.lproj/LaunchScreen.storyboard; sourceTree = "<group>"; };
		83251DA92A23952800F956ED /* bus.usdz */ = {isa = PBXFileReference; lastKnownFileType = file.usdz; path = bus.usdz; sourceTree = "<group>"; };
		83251DAA2A23952800F956ED /* car.usdz */ = {isa = PBXFileReference; lastKnownFileType = file.usdz; path = car.usdz; sourceTree = "<group>"; };
		83251DAB2A23952800F956ED /* traffic_light.usdz */ = {isa = PBXFileReference; lastKnownFileType = file.usdz; path = traffic_light.usdz; sourceTree = "<group>"; };
		83251DAC2A23952800F956ED /* bridge.usdz */ = {isa = PBXFileReference; lastKnownFileType = file.usdz; path = bridge.usdz; sourceTree = "<group>"; };
		83251DAD2A23952800F956ED /* eiffel.usdz */ = {isa = PBXFileReference; lastKnownFileType = file.usdz; path = eiffel.usdz; sourceTree = "<group>"; };
		83251DAE2A23952800F956ED /* tree.usdz */ = {isa = PBXFileReference; lastKnownFileType = file.usdz; path = tree.usdz; sourceTree = "<group>"; };
/* End PBXFileReference section */

/* Begin PBXFrameworksBuildPhase section */
		83251D902A22692300F956ED /* Frameworks */ = {
			isa = PBXFrameworksBuildPhase;
			buildActionMask = 2147483647;
			files = (
			);
			runOnlyForDeploymentPostprocessing = 0;
		};
/* End PBXFrameworksBuildPhase section */

/* Begin PBXGroup section */
		83251D8A2A22692300F956ED = {
			isa = PBXGroup;
			children = (
				83251D952A22692300F956ED /* Hand Drawing Recognition AR */,
				83251D942A22692300F956ED /* Products */,
			);
			sourceTree = "<group>";
		};
		83251D942A22692300F956ED /* Products */ = {
			isa = PBXGroup;
			children = (
				83251D932A22692300F956ED /* Hand Drawing Recognition AR.app */,
			);
			name = Products;
			sourceTree = "<group>";
		};
		83251D952A22692300F956ED /* Hand Drawing Recognition AR */ = {
			isa = PBXGroup;
			children = (
				83251DAC2A23952800F956ED /* bridge.usdz */,
				83251DA92A23952800F956ED /* bus.usdz */,
				83251DAA2A23952800F956ED /* car.usdz */,
				83251DAD2A23952800F956ED /* eiffel.usdz */,
				83251DAB2A23952800F956ED /* traffic_light.usdz */,
				83251DAE2A23952800F956ED /* tree.usdz */,
				83251D962A22692300F956ED /* AppDelegate.swift */,
				83251D982A22692300F956ED /* art.scnassets */,
				83251D9A2A22692300F956ED /* ViewController.swift */,
				83251D9C2A22692300F956ED /* Main.storyboard */,
				83251D9F2A22692400F956ED /* Assets.xcassets */,
				83251DA12A22692400F956ED /* LaunchScreen.storyboard */,
			);
			path = "Hand Drawing Recognition AR";
			sourceTree = "<group>";
		};
/* End PBXGroup section */

/* Begin PBXNativeTarget section */
		83251D922A22692300F956ED /* Hand Drawing Recognition AR */ = {
			isa = PBXNativeTarget;
			buildConfigurationList = 83251DA62A22692400F956ED /* Build configuration list for PBXNativeTarget "Hand Drawing Recognition AR" */;
			buildPhases = (
				83251D8F2A22692300F956ED /* Sources */,
				83251D902A22692300F956ED /* Frameworks */,
				83251D912A22692300F956ED /* Resources */,
			);
			buildRules = (
			);
			dependencies = (
			);
			name = "Hand Drawing Recognition AR";
			productName = "Hand Drawing Recognition AR";
			productReference = 83251D932A22692300F956ED /* Hand Drawing Recognition AR.app */;
			productType = "com.apple.product-type.application";
		};
/* End PBXNativeTarget section */

/* Begin PBXProject section */
		83251D8B2A22692300F956ED /* Project object */ = {
			isa = PBXProject;
			attributes = {
				BuildIndependentTargetsInParallel = 1;
				LastSwiftUpdateCheck = 1430;
				LastUpgradeCheck = 1430;
				TargetAttributes = {
					83251D922A22692300F956ED = {
						CreatedOnToolsVersion = 14.3;
					};
				};
			};
			buildConfigurationList = 83251D8E2A22692300F956ED /* Build configuration list for PBXProject "Hand Drawing Recognition AR" */;
			compatibilityVersion = "Xcode 14.0";
			developmentRegion = en;
			hasScannedForEncodings = 0;
			knownRegions = (
				en,
				Base,
			);
			mainGroup = 83251D8A2A22692300F956ED;
			productRefGroup = 83251D942A22692300F956ED /* Products */;
			projectDirPath = "";
			projectRoot = "";
			targets = (
				83251D922A22692300F956ED /* Hand Drawing Recognition AR */,
			);
		};
/* End PBXProject section */

/* Begin PBXResourcesBuildPhase section */
		83251D912A22692300F956ED /* Resources */ = {
			isa = PBXResourcesBuildPhase;
			buildActionMask = 2147483647;
			files = (
				83251D992A22692300F956ED /* art.scnassets in Resources */,
				83251DB42A23952800F956ED /* tree.usdz in Resources */,
				83251DA32A22692400F956ED /* LaunchScreen.storyboard in Resources */,
				83251DB02A23952800F956ED /* car.usdz in Resources */,
				83251DB12A23952800F956ED /* traffic_light.usdz in Resources */,
				83251DB22A23952800F956ED /* bridge.usdz in Resources */,
				83251DA02A22692400F956ED /* Assets.xcassets in Resources */,
				83251DB32A23952800F956ED /* eiffel.usdz in Resources */,
				83251D9E2A22692300F956ED /* Main.storyboard in Resources */,
				83251DAF2A23952800F956ED /* bus.usdz in Resources */,
			);
			runOnlyForDeploymentPostprocessing = 0;
		};
/* End PBXResourcesBuildPhase section */

/* Begin PBXSourcesBuildPhase section */
		83251D8F2A22692300F956ED /* Sources */ = {
			isa = PBXSourcesBuildPhase;
			buildActionMask = 2147483647;
			files = (
				83251D9B2A22692300F956ED /* ViewController.swift in Sources */,
				83251D972A22692300F956ED /* AppDelegate.swift in Sources */,
			);
			runOnlyForDeploymentPostprocessing = 0;
		};
/* End PBXSourcesBuildPhase section */

/* Begin PBXVariantGroup section */
		83251D9C2A22692300F956ED /* Main.storyboard */ = {
			isa = PBXVariantGroup;
			children = (
				83251D9D2A22692300F956ED /* Base */,
			);
			name = Main.storyboard;
			sourceTree = "<group>";
		};
		83251DA12A22692400F956ED /* LaunchScreen.storyboard */ = {
			isa = PBXVariantGroup;
			children = (
				83251DA22A22692400F956ED /* Base */,
			);
			name = LaunchScreen.storyboard;
			sourceTree = "<group>";
		};
/* End PBXVariantGroup section */

/* Begin XCBuildConfiguration section */
		83251DA42A22692400F956ED /* Debug */ = {
			isa = XCBuildConfiguration;
			buildSettings = {
				ALWAYS_SEARCH_USER_PATHS = NO;
				CLANG_ANALYZER_NONNULL = YES;
				CLANG_ANALYZER_NUMBER_OBJECT_CONVERSION = YES_AGGRESSIVE;
				CLANG_CXX_LANGUAGE_STANDARD = "gnu++20";
				CLANG_ENABLE_MODULES = YES;
				CLANG_ENABLE_OBJC_ARC = YES;
				CLANG_ENABLE_OBJC_WEAK = YES;
				CLANG_WARN_BLOCK_CAPTURE_AUTORELEASING = YES;
				CLANG_WARN_BOOL_CONVERSION = YES;
				CLANG_WARN_COMMA = YES;
				CLANG_WARN_CONSTANT_CONVERSION = YES;
				CLANG_WARN_DEPRECATED_OBJC_IMPLEMENTATIONS = YES;
				CLANG_WARN_DIRECT_OBJC_ISA_USAGE = YES_ERROR;
				CLANG_WARN_DOCUMENTATION_COMMENTS = YES;
				CLANG_WARN_EMPTY_BODY = YES;
				CLANG_WARN_ENUM_CONVERSION = YES;
				CLANG_WARN_INFINITE_RECURSION = YES;
				CLANG_WARN_INT_CONVERSION = YES;
				CLANG_WARN_NON_LITERAL_NULL_CONVERSION = YES;
				CLANG_WARN_OBJC_IMPLICIT_RETAIN_SELF = YES;
				CLANG_WARN_OBJC_LITERAL_CONVERSION = YES;
				CLANG_WARN_OBJC_ROOT_CLASS = YES_ERROR;
				CLANG_WARN_QUOTED_INCLUDE_IN_FRAMEWORK_HEADER = YES;
				CLANG_WARN_RANGE_LOOP_ANALYSIS = YES;
				CLANG_WARN_STRICT_PROTOTYPES = YES;
				CLANG_WARN_SUSPICIOUS_MOVE = YES;
				CLANG_WARN_UNGUARDED_AVAILABILITY = YES_AGGRESSIVE;
				CLANG_WARN_UNREACHABLE_CODE = YES;
				CLANG_WARN__DUPLICATE_METHOD_MATCH = YES;
				COPY_PHASE_STRIP = NO;
				DEBUG_INFORMATION_FORMAT = dwarf;
				ENABLE_STRICT_OBJC_MSGSEND = YES;
				ENABLE_TESTABILITY = YES;
				GCC_C_LANGUAGE_STANDARD = gnu11;
				GCC_DYNAMIC_NO_PIC = NO;
				GCC_NO_COMMON_BLOCKS = YES;
				GCC_OPTIMIZATION_LEVEL = 0;
				GCC_PREPROCESSOR_DEFINITIONS = (
					"DEBUG=1",
					"$(inherited)",
				);
				GCC_WARN_64_TO_32_BIT_CONVERSION = YES;
				GCC_WARN_ABOUT_RETURN_TYPE = YES_ERROR;
				GCC_WARN_UNDECLARED_SELECTOR = YES;
				GCC_WARN_UNINITIALIZED_AUTOS = YES_AGGRESSIVE;
				GCC_WARN_UNUSED_FUNCTION = YES;
				GCC_WARN_UNUSED_VARIABLE = YES;
				IPHONEOS_DEPLOYMENT_TARGET = 16.4;
				MTL_ENABLE_DEBUG_INFO = INCLUDE_SOURCE;
				MTL_FAST_MATH = YES;
				ONLY_ACTIVE_ARCH = YES;
				SDKROOT = iphoneos;
				SWIFT_ACTIVE_COMPILATION_CONDITIONS = DEBUG;
				SWIFT_OPTIMIZATION_LEVEL = "-Onone";
			};
			name = Debug;
		};
		83251DA52A22692400F956ED /* Release */ = {
			isa = XCBuildConfiguration;
			buildSettings = {
				ALWAYS_SEARCH_USER_PATHS = NO;
				CLANG_ANALYZER_NONNULL = YES;
				CLANG_ANALYZER_NUMBER_OBJECT_CONVERSION = YES_AGGRESSIVE;
				CLANG_CXX_LANGUAGE_STANDARD = "gnu++20";
				CLANG_ENABLE_MODULES = YES;
				CLANG_ENABLE_OBJC_ARC = YES;
				CLANG_ENABLE_OBJC_WEAK = YES;
				CLANG_WARN_BLOCK_CAPTURE_AUTORELEASING = YES;
				CLANG_WARN_BOOL_CONVERSION = YES;
				CLANG_WARN_COMMA = YES;
				CLANG_WARN_CONSTANT_CONVERSION = YES;
				CLANG_WARN_DEPRECATED_OBJC_IMPLEMENTATIONS = YES;
				CLANG_WARN_DIRECT_OBJC_ISA_USAGE = YES_ERROR;
				CLANG_WARN_DOCUMENTATION_COMMENTS = YES;
				CLANG_WARN_EMPTY_BODY = YES;
				CLANG_WARN_ENUM_CONVERSION = YES;
				CLANG_WARN_INFINITE_RECURSION = YES;
				CLANG_WARN_INT_CONVERSION = YES;
				CLANG_WARN_NON_LITERAL_NULL_CONVERSION = YES;
				CLANG_WARN_OBJC_IMPLICIT_RETAIN_SELF = YES;
				CLANG_WARN_OBJC_LITERAL_CONVERSION = YES;
				CLANG_WARN_OBJC_ROOT_CLASS = YES_ERROR;
				CLANG_WARN_QUOTED_INCLUDE_IN_FRAMEWORK_HEADER = YES;
				CLANG_WARN_RANGE_LOOP_ANALYSIS = YES;
				CLANG_WARN_STRICT_PROTOTYPES = YES;
				CLANG_WARN_SUSPICIOUS_MOVE = YES;
				CLANG_WARN_UNGUARDED_AVAILABILITY = YES_AGGRESSIVE;
				CLANG_WARN_UNREACHABLE_CODE = YES;
				CLANG_WARN__DUPLICATE_METHOD_MATCH = YES;
				COPY_PHASE_STRIP = NO;
				DEBUG_INFORMATION_FORMAT = "dwarf-with-dsym";
				ENABLE_NS_ASSERTIONS = NO;
				ENABLE_STRICT_OBJC_MSGSEND = YES;
				GCC_C_LANGUAGE_STANDARD = gnu11;
				GCC_NO_COMMON_BLOCKS = YES;
				GCC_WARN_64_TO_32_BIT_CONVERSION = YES;
				GCC_WARN_ABOUT_RETURN_TYPE = YES_ERROR;
				GCC_WARN_UNDECLARED_SELECTOR = YES;
				GCC_WARN_UNINITIALIZED_AUTOS = YES_AGGRESSIVE;
				GCC_WARN_UNUSED_FUNCTION = YES;
				GCC_WARN_UNUSED_VARIABLE = YES;
				IPHONEOS_DEPLOYMENT_TARGET = 16.4;
				MTL_ENABLE_DEBUG_INFO = NO;
				MTL_FAST_MATH = YES;
				SDKROOT = iphoneos;
				SWIFT_COMPILATION_MODE = wholemodule;
				SWIFT_OPTIMIZATION_LEVEL = "-O";
				VALIDATE_PRODUCT = YES;
			};
			name = Release;
		};
		83251DA72A22692400F956ED /* Debug */ = {
			isa = XCBuildConfiguration;
			buildSettings = {
				ASSETCATALOG_COMPILER_APPICON_NAME = AppIcon;
				ASSETCATALOG_COMPILER_GLOBAL_ACCENT_COLOR_NAME = AccentColor;
				CODE_SIGN_STYLE = Automatic;
				CURRENT_PROJECT_VERSION = 1;
				DEVELOPMENT_TEAM = 8B7DH7AN2U;
				GENERATE_INFOPLIST_FILE = YES;
				INFOPLIST_KEY_NSCameraUsageDescription = "";
				INFOPLIST_KEY_UIApplicationSupportsIndirectInputEvents = YES;
				INFOPLIST_KEY_UILaunchStoryboardName = LaunchScreen;
				INFOPLIST_KEY_UIMainStoryboardFile = Main;
				INFOPLIST_KEY_UIRequiredDeviceCapabilities = arkit;
				INFOPLIST_KEY_UIStatusBarHidden = YES;
				INFOPLIST_KEY_UISupportedInterfaceOrientations_iPad = "UIInterfaceOrientationPortrait UIInterfaceOrientationPortraitUpsideDown UIInterfaceOrientationLandscapeLeft UIInterfaceOrientationLandscapeRight";
				INFOPLIST_KEY_UISupportedInterfaceOrientations_iPhone = "UIInterfaceOrientationPortrait UIInterfaceOrientationLandscapeLeft UIInterfaceOrientationLandscapeRight";
				LD_RUNPATH_SEARCH_PATHS = (
					"$(inherited)",
					"@executable_path/Frameworks",
				);
				MARKETING_VERSION = 1.0;
				PRODUCT_BUNDLE_IDENTIFIER = "com.exacode.Hand-Drawing-Recognition-AR";
				PRODUCT_NAME = "$(TARGET_NAME)";
				SWIFT_EMIT_LOC_STRINGS = YES;
				SWIFT_VERSION = 5.0;
				TARGETED_DEVICE_FAMILY = "1,2";
			};
			name = Debug;
		};
		83251DA82A22692400F956ED /* Release */ = {
			isa = XCBuildConfiguration;
			buildSettings = {
				ASSETCATALOG_COMPILER_APPICON_NAME = AppIcon;
				ASSETCATALOG_COMPILER_GLOBAL_ACCENT_COLOR_NAME = AccentColor;
				CODE_SIGN_STYLE = Automatic;
				CURRENT_PROJECT_VERSION = 1;
				DEVELOPMENT_TEAM = 8B7DH7AN2U;
				GENERATE_INFOPLIST_FILE = YES;
				INFOPLIST_KEY_NSCameraUsageDescription = "";
				INFOPLIST_KEY_UIApplicationSupportsIndirectInputEvents = YES;
				INFOPLIST_KEY_UILaunchStoryboardName = LaunchScreen;
				INFOPLIST_KEY_UIMainStoryboardFile = Main;
				INFOPLIST_KEY_UIRequiredDeviceCapabilities = arkit;
				INFOPLIST_KEY_UIStatusBarHidden = YES;
				INFOPLIST_KEY_UISupportedInterfaceOrientations_iPad = "UIInterfaceOrientationPortrait UIInterfaceOrientationPortraitUpsideDown UIInterfaceOrientationLandscapeLeft UIInterfaceOrientationLandscapeRight";
				INFOPLIST_KEY_UISupportedInterfaceOrientations_iPhone = "UIInterfaceOrientationPortrait UIInterfaceOrientationLandscapeLeft UIInterfaceOrientationLandscapeRight";
				LD_RUNPATH_SEARCH_PATHS = (
					"$(inherited)",
					"@executable_path/Frameworks",
				);
				MARKETING_VERSION = 1.0;
				PRODUCT_BUNDLE_IDENTIFIER = "com.exacode.Hand-Drawing-Recognition-AR";
				PRODUCT_NAME = "$(TARGET_NAME)";
				SWIFT_EMIT_LOC_STRINGS = YES;
				SWIFT_VERSION = 5.0;
				TARGETED_DEVICE_FAMILY = "1,2";
			};
			name = Release;
		};
/* End XCBuildConfiguration section */

/* Begin XCConfigurationList section */
		83251D8E2A22692300F956ED /* Build configuration list for PBXProject "Hand Drawing Recognition AR" */ = {
			isa = XCConfigurationList;
			buildConfigurations = (
				83251DA42A22692400F956ED /* Debug */,
				83251DA52A22692400F956ED /* Release */,
			);
			defaultConfigurationIsVisible = 0;
			defaultConfigurationName = Release;
		};
		83251DA62A22692400F956ED /* Build configuration list for PBXNativeTarget "Hand Drawing Recognition AR" */ = {
			isa = XCConfigurationList;
			buildConfigurations = (
				83251DA72A22692400F956ED /* Debug */,
				83251DA82A22692400F956ED /* Release */,
			);
			defaultConfigurationIsVisible = 0;
			defaultConfigurationName = Release;
		};
/* End XCConfigurationList section */
	};
	rootObject = 83251D8B2A22692300F956ED /* Project object */;
}
